
Microsoft Visual Studio Solution File, Format Version 12.00
# Visual Studio Version 17
VisualStudioVersion = 17.9.34616.47
MinimumVisualStudioVersion = 10.0.40219.1
Project("{FAE04EC0-301F-11D3-BF4B-00C04F79EFBC}") = "salon", "salon\salon.csproj", "{FB093B43-4AD8-402D-B070-0DC62CB55D2E}"
EndProject
Project("{FAE04EC0-301F-11D3-BF4B-00C04F79EFBC}") = "sr", "sr\sr.csproj", "{B71C91AF-AC9C-4E94-B6B7-7F76F6B6340C}"
EndProject
Project("{FAE04EC0-301F-11D3-BF4B-00C04F79EFBC}") = "SalonLibraryFileSystem", "SalonLibraryFileSystem\SalonLibraryFileSystem.csproj", "{F79F8EDC-019C-4B87-A319-2D5DA0070980}"
EndProject
Global
	GlobalSection(SolutionConfigurationPlatforms) = preSolution
		Debug|Any CPU = Debug|Any CPU
		Release|Any CPU = Release|Any CPU
	EndGlobalSection
	GlobalSection(ProjectConfigurationPlatforms) = postSolution
		{FB093B43-4AD8-402D-B070-0DC62CB55D2E}.Debug|Any CPU.ActiveCfg = Debug|Any CPU
		{FB093B43-4AD8-402D-B070-0DC62CB55D2E}.Debug|Any CPU.Build.0 = Debug|Any CPU
		{FB093B43-4AD8-402D-B070-0DC62CB55D2E}.Release|Any CPU.ActiveCfg = Release|Any CPU
		{FB093B43-4AD8-402D-B070-0DC62CB55D2E}.Release|Any CPU.Build.0 = Release|Any CPU
		{B71C91AF-AC9C-4E94-B6B7-7F76F6B6340C}.Debug|Any CPU.ActiveCfg = Debug|Any CPU
		{B71C91AF-AC9C-4E94-B6B7-7F76F6B6340C}.Debug|Any CPU.Build.0 = Debug|Any CPU
		{B71C91AF-AC9C-4E94-B6B7-7F76F6B6340C}.Release|Any CPU.ActiveCfg = Release|Any CPU
		{B71C91AF-AC9C-4E94-B6B7-7F76F6B6340C}.Release|Any CPU.Build.0 = Release|Any CPU
		{F79F8EDC-019C-4B87-A319-2D5DA0070980}.Debug|Any CPU.ActiveCfg = Debug|Any CPU
		{F79F8EDC-019C-4B87-A319-2D5DA0070980}.Debug|Any CPU.Build.0 = Debug|Any CPU
		{F79F8EDC-019C-4B87-A319-2D5DA0070980}.Release|Any CPU.ActiveCfg = Release|Any CPU
		{F79F8EDC-019C-4B87-A319-2D5DA0070980}.Release|Any CPU.Build.0 = Release|Any CPU
	EndGlobalSection
	GlobalSection(SolutionProperties) = preSolution
		HideSolutionNode = FALSE
	EndGlobalSection
	GlobalSection(ExtensibilityGlobals) = postSolution
		SolutionGuid = {76F55DC7-526A-44BC-A48A-69086EA348C2}
	EndGlobalSection
EndGlobal
